
Microsoft Visual Studio Solution File, Format Version 12.00
# Visual Studio 15
VisualStudioVersion = 15.0.26430.14
MinimumVisualStudioVersion = 10.0.40219.1
Project("{FAE04EC0-301F-11D3-BF4B-00C04F79EFBC}") = "virtual-machine", "virtual-machine\virtual-machine.csproj", "{99C6153E-F4E7-4CBA-9153-6A0CD63197F6}"
EndProject
Project("{FAE04EC0-301F-11D3-BF4B-00C04F79EFBC}") = "test", "test\test.csproj", "{621DEA42-29F4-4DF8-B345-D98A10237A2A}"
EndProject
Global
	GlobalSection(SolutionConfigurationPlatforms) = preSolution
		Debug|Any CPU = Debug|Any CPU
		Release|Any CPU = Release|Any CPU
	EndGlobalSection
	GlobalSection(ProjectConfigurationPlatforms) = postSolution
		{99C6153E-F4E7-4CBA-9153-6A0CD63197F6}.Debug|Any CPU.ActiveCfg = Debug|Any CPU
		{99C6153E-F4E7-4CBA-9153-6A0CD63197F6}.Debug|Any CPU.Build.0 = Debug|Any CPU
		{99C6153E-F4E7-4CBA-9153-6A0CD63197F6}.Release|Any CPU.ActiveCfg = Release|Any CPU
		{99C6153E-F4E7-4CBA-9153-6A0CD63197F6}.Release|Any CPU.Build.0 = Release|Any CPU
		{621DEA42-29F4-4DF8-B345-D98A10237A2A}.Debug|Any CPU.ActiveCfg = Debug|Any CPU
		{621DEA42-29F4-4DF8-B345-D98A10237A2A}.Debug|Any CPU.Build.0 = Debug|Any CPU
		{621DEA42-29F4-4DF8-B345-D98A10237A2A}.Release|Any CPU.ActiveCfg = Release|Any CPU
		{621DEA42-29F4-4DF8-B345-D98A10237A2A}.Release|Any CPU.Build.0 = Release|Any CPU
	EndGlobalSection
	GlobalSection(SolutionProperties) = preSolution
		HideSolutionNode = FALSE
	EndGlobalSection
EndGlobal
